
Microsoft Visual Studio Solution File, Format Version 12.00
# Visual Studio Version 17
VisualStudioVersion = 17.11.35303.130
MinimumVisualStudioVersion = 10.0.40219.1
Project("{FAE04EC0-301F-11D3-BF4B-00C04F79EFBC}") = "C#Cumulative-2", "C#Cumulative-2.csproj", "{D31C1D8D-356A-47F6-9DB1-9E72492C9432}"
EndProject
Global
	GlobalSection(SolutionConfigurationPlatforms) = preSolution
		Debug|Any CPU = Debug|Any CPU
		Release|Any CPU = Release|Any CPU
	EndGlobalSection
	GlobalSection(ProjectConfigurationPlatforms) = postSolution
		{D31C1D8D-356A-47F6-9DB1-9E72492C9432}.Debug|Any CPU.ActiveCfg = Debug|Any CPU
		{D31C1D8D-356A-47F6-9DB1-9E72492C9432}.Debug|Any CPU.Build.0 = Debug|Any CPU
		{D31C1D8D-356A-47F6-9DB1-9E72492C9432}.Release|Any CPU.ActiveCfg = Release|Any CPU
		{D31C1D8D-356A-47F6-9DB1-9E72492C9432}.Release|Any CPU.Build.0 = Release|Any CPU
	EndGlobalSection
	GlobalSection(SolutionProperties) = preSolution
		HideSolutionNode = FALSE
	EndGlobalSection
	GlobalSection(ExtensibilityGlobals) = postSolution
		SolutionGuid = {F90306E9-80A7-475D-B187-E5086F802BBB}
	EndGlobalSection
EndGlobal
